// !$*UTF8*$!
{
	archiveVersion = 1;
	classes = {
	};
	objectVersion = 50;
	objects = {

/* Begin PBXBuildFile section */
		3D903B5A2796243C0020A7F2 /* AppDelegate.swift in Sources */ = {isa = PBXBuildFile; fileRef = 3D903B592796243C0020A7F2 /* AppDelegate.swift */; };
		3D903B5C2796243C0020A7F2 /* ViewController.swift in Sources */ = {isa = PBXBuildFile; fileRef = 3D903B5B2796243C0020A7F2 /* ViewController.swift */; };
		3D903B5F2796243C0020A7F2 /* Main.storyboard in Resources */ = {isa = PBXBuildFile; fileRef = 3D903B5D2796243C0020A7F2 /* Main.storyboard */; };
		3D903B612796243E0020A7F2 /* Assets.xcassets in Resources */ = {isa = PBXBuildFile; fileRef = 3D903B602796243E0020A7F2 /* Assets.xcassets */; };
		3D903B642796243E0020A7F2 /* LaunchScreen.storyboard in Resources */ = {isa = PBXBuildFile; fileRef = 3D903B622796243E0020A7F2 /* LaunchScreen.storyboard */; };
		3D903B6C27962C870020A7F2 /* Lista.swift in Sources */ = {isa = PBXBuildFile; fileRef = 3D903B6B27962C870020A7F2 /* Lista.swift */; };
		3D903B6E27962CCB0020A7F2 /* CeldaListaController.swift in Sources */ = {isa = PBXBuildFile; fileRef = 3D903B6D27962CCB0020A7F2 /* CeldaListaController.swift */; };
/* End PBXBuildFile section */

/* Begin PBXFileReference section */
		3D903B562796243B0020A7F2 /* Diagnostico.app */ = {isa = PBXFileReference; explicitFileType = wrapper.application; includeInIndex = 0; path = Diagnostico.app; sourceTree = BUILT_PRODUCTS_DIR; };
		3D903B592796243C0020A7F2 /* AppDelegate.swift */ = {isa = PBXFileReference; lastKnownFileType = sourcecode.swift; path = AppDelegate.swift; sourceTree = "<group>"; };
		3D903B5B2796243C0020A7F2 /* ViewController.swift */ = {isa = PBXFileReference; lastKnownFileType = sourcecode.swift; path = ViewController.swift; sourceTree = "<group>"; };
		3D903B5E2796243C0020A7F2 /* Base */ = {isa = PBXFileReference; lastKnownFileType = file.storyboard; name = Base; path = Base.lproj/Main.storyboard; sourceTree = "<group>"; };
		3D903B602796243E0020A7F2 /* Assets.xcassets */ = {isa = PBXFileReference; lastKnownFileType = folder.assetcatalog; path = Assets.xcassets; sourceTree = "<group>"; };
		3D903B632796243E0020A7F2 /* Base */ = {isa = PBXFileReference; lastKnownFileType = file.storyboard; name = Base; path = Base.lproj/LaunchScreen.storyboard; sourceTree = "<group>"; };
		3D903B652796243E0020A7F2 /* Info.plist */ = {isa = PBXFileReference; lastKnownFileType = text.plist.xml; path = Info.plist; sourceTree = "<group>"; };
		3D903B6B27962C870020A7F2 /* Lista.swift */ = {isa = PBXFileReference; lastKnownFileType = sourcecode.swift; path = Lista.swift; sourceTree = "<group>"; };
		3D903B6D27962CCB0020A7F2 /* CeldaListaController.swift */ = {isa = PBXFileReference; lastKnownFileType = sourcecode.swift; path = CeldaListaController.swift; sourceTree = "<group>"; };
/* End PBXFileReference section */

/* Begin PBXFrameworksBuildPhase section */
		3D903B532796243B0020A7F2 /* Frameworks */ = {
			isa = PBXFrameworksBuildPhase;
			buildActionMask = 2147483647;
			files = (
			);
			runOnlyForDeploymentPostprocessing = 0;
		};
/* End PBXFrameworksBuildPhase section */

/* Begin PBXGroup section */
		3D903B4D2796243B0020A7F2 = {
			isa = PBXGroup;
			children = (
				3D903B582796243B0020A7F2 /* Diagnostico */,
				3D903B572796243B0020A7F2 /* Products */,
			);
			sourceTree = "<group>";
		};
		3D903B572796243B0020A7F2 /* Products */ = {
			isa = PBXGroup;
			children = (
				3D903B562796243B0020A7F2 /* Diagnostico.app */,
			);
			name = Products;
			sourceTree = "<group>";
		};
		3D903B582796243B0020A7F2 /* Diagnostico */ = {
			isa = PBXGroup;
			children = (
				3D903B592796243C0020A7F2 /* AppDelegate.swift */,
				3D903B5B2796243C0020A7F2 /* ViewController.swift */,
				3D903B5D2796243C0020A7F2 /* Main.storyboard */,
				3D903B602796243E0020A7F2 /* Assets.xcassets */,
				3D903B622796243E0020A7F2 /* LaunchScreen.storyboard */,
				3D903B6B27962C870020A7F2 /* Lista.swift */,
				3D903B6D27962CCB0020A7F2 /* CeldaListaController.swift */,
				3D903B652796243E0020A7F2 /* Info.plist */,
			);
			path = Diagnostico;
			sourceTree = "<group>";
		};
/* End PBXGroup section */

/* Begin PBXNativeTarget section */
		3D903B552796243B0020A7F2 /* Diagnostico */ = {
			isa = PBXNativeTarget;
			buildConfigurationList = 3D903B682796243E0020A7F2 /* Build configuration list for PBXNativeTarget "Diagnostico" */;
			buildPhases = (
				3D903B522796243B0020A7F2 /* Sources */,
				3D903B532796243B0020A7F2 /* Frameworks */,
				3D903B542796243B0020A7F2 /* Resources */,
			);
			buildRules = (
			);
			dependencies = (
			);
			name = Diagnostico;
			productName = Diagnostico;
			productReference = 3D903B562796243B0020A7F2 /* Diagnostico.app */;
			productType = "com.apple.product-type.application";
		};
/* End PBXNativeTarget section */

/* Begin PBXProject section */
		3D903B4E2796243B0020A7F2 /* Project object */ = {
			isa = PBXProject;
			attributes = {
				LastSwiftUpdateCheck = 1030;
				LastUpgradeCheck = 1030;
				ORGANIZATIONNAME = Alumno;
				TargetAttributes = {
					3D903B552796243B0020A7F2 = {
						CreatedOnToolsVersion = 10.3;
					};
				};
			};
			buildConfigurationList = 3D903B512796243B0020A7F2 /* Build configuration list for PBXProject "Diagnostico" */;
			compatibilityVersion = "Xcode 9.3";
			developmentRegion = en;
			hasScannedForEncodings = 0;
			knownRegions = (
				en,
				Base,
			);
			mainGroup = 3D903B4D2796243B0020A7F2;
			productRefGroup = 3D903B572796243B0020A7F2 /* Products */;
			projectDirPath = "";
			projectRoot = "";
			targets = (
				3D903B552796243B0020A7F2 /* Diagnostico */,
			);
		};
/* End PBXProject section */

/* Begin PBXResourcesBuildPhase section */
		3D903B542796243B0020A7F2 /* Resources */ = {
			isa = PBXResourcesBuildPhase;
			buildActionMask = 2147483647;
			files = (
				3D903B642796243E0020A7F2 /* LaunchScreen.storyboard in Resources */,
				3D903B612796243E0020A7F2 /* Assets.xcassets in Resources */,
				3D903B5F2796243C0020A7F2 /* Main.storyboard in Resources */,
			);
			runOnlyForDeploymentPostprocessing = 0;
		};
/* End PBXResourcesBuildPhase section */

/* Begin PBXSourcesBuildPhase section */
		3D903B522796243B0020A7F2 /* Sources */ = {
			isa = PBXSourcesBuildPhase;
			buildActionMask = 2147483647;
			files = (
				3D903B5C2796243C0020A7F2 /* ViewController.swift in Sources */,
				3D903B5A2796243C0020A7F2 /* AppDelegate.swift in Sources */,
				3D903B6C27962C870020A7F2 /* Lista.swift in Sources */,
				3D903B6E27962CCB0020A7F2 /* CeldaListaController.swift in Sources */,
			);
			runOnlyForDeploymentPostprocessing = 0;
		};
/* End PBXSourcesBuildPhase section */

/* Begin PBXVariantGroup section */
		3D903B5D2796243C0020A7F2 /* Main.storyboard */ = {
			isa = PBXVariantGroup;
			children = (
				3D903B5E2796243C0020A7F2 /* Base */,
			);
			name = Main.storyboard;
			sourceTree = "<group>";
		};
		3D903B622796243E0020A7F2 /* LaunchScreen.storyboard */ = {
			isa = PBXVariantGroup;
			children = (
				3D903B632796243E0020A7F2 /* Base */,
			);
			name = LaunchScreen.storyboard;
			sourceTree = "<group>";
		};
/* End PBXVariantGroup section */

/* Begin XCBuildConfiguration section */
		3D903B662796243E0020A7F2 /* Debug */ = {
			isa = XCBuildConfiguration;
			buildSettings = {
				ALWAYS_SEARCH_USER_PATHS = NO;
				CLANG_ANALYZER_NONNULL = YES;
				CLANG_ANALYZER_NUMBER_OBJECT_CONVERSION = YES_AGGRESSIVE;
				CLANG_CXX_LANGUAGE_STANDARD = "gnu++14";
				CLANG_CXX_LIBRARY = "libc++";
				CLANG_ENABLE_MODULES = YES;
				CLANG_ENABLE_OBJC_ARC = YES;
				CLANG_ENABLE_OBJC_WEAK = YES;
				CLANG_WARN_BLOCK_CAPTURE_AUTORELEASING = YES;
				CLANG_WARN_BOOL_CONVERSION = YES;
				CLANG_WARN_COMMA = YES;
				CLANG_WARN_CONSTANT_CONVERSION = YES;
				CLANG_WARN_DEPRECATED_OBJC_IMPLEMENTATIONS = YES;
				CLANG_WARN_DIRECT_OBJC_ISA_USAGE = YES_ERROR;
				CLANG_WARN_DOCUMENTATION_COMMENTS = YES;
				CLANG_WARN_EMPTY_BODY = YES;
				CLANG_WARN_ENUM_CONVERSION = YES;
				CLANG_WARN_INFINITE_RECURSION = YES;
				CLANG_WARN_INT_CONVERSION = YES;
				CLANG_WARN_NON_LITERAL_NULL_CONVERSION = YES;
				CLANG_WARN_OBJC_IMPLICIT_RETAIN_SELF = YES;
				CLANG_WARN_OBJC_LITERAL_CONVERSION = YES;
				CLANG_WARN_OBJC_ROOT_CLASS = YES_ERROR;
				CLANG_WARN_RANGE_LOOP_ANALYSIS = YES;
				CLANG_WARN_STRICT_PROTOTYPES = YES;
				CLANG_WARN_SUSPICIOUS_MOVE = YES;
				CLANG_WARN_UNGUARDED_AVAILABILITY = YES_AGGRESSIVE;
				CLANG_WARN_UNREACHABLE_CODE = YES;
				CLANG_WARN__DUPLICATE_METHOD_MATCH = YES;
				CODE_SIGN_IDENTITY = "iPhone Developer";
				COPY_PHASE_STRIP = NO;
				DEBUG_INFORMATION_FORMAT = dwarf;
				ENABLE_STRICT_OBJC_MSGSEND = YES;
				ENABLE_TESTABILITY = YES;
				GCC_C_LANGUAGE_STANDARD = gnu11;
				GCC_DYNAMIC_NO_PIC = NO;
				GCC_NO_COMMON_BLOCKS = YES;
				GCC_OPTIMIZATION_LEVEL = 0;
				GCC_PREPROCESSOR_DEFINITIONS = (
					"DEBUG=1",
					"$(inherited)",
				);
				GCC_WARN_64_TO_32_BIT_CONVERSION = YES;
				GCC_WARN_ABOUT_RETURN_TYPE = YES_ERROR;
				GCC_WARN_UNDECLARED_SELECTOR = YES;
				GCC_WARN_UNINITIALIZED_AUTOS = YES_AGGRESSIVE;
				GCC_WARN_UNUSED_FUNCTION = YES;
				GCC_WARN_UNUSED_VARIABLE = YES;
				IPHONEOS_DEPLOYMENT_TARGET = 12.4;
				MTL_ENABLE_DEBUG_INFO = INCLUDE_SOURCE;
				MTL_FAST_MATH = YES;
				ONLY_ACTIVE_ARCH = YES;
				SDKROOT = iphoneos;
				SWIFT_ACTIVE_COMPILATION_CONDITIONS = DEBUG;
				SWIFT_OPTIMIZATION_LEVEL = "-Onone";
			};
			name = Debug;
		};
		3D903B672796243E0020A7F2 /* Release */ = {
			isa = XCBuildConfiguration;
			buildSettings = {
				ALWAYS_SEARCH_USER_PATHS = NO;
				CLANG_ANALYZER_NONNULL = YES;
				CLANG_ANALYZER_NUMBER_OBJECT_CONVERSION = YES_AGGRESSIVE;
				CLANG_CXX_LANGUAGE_STANDARD = "gnu++14";
				CLANG_CXX_LIBRARY = "libc++";
				CLANG_ENABLE_MODULES = YES;
				CLANG_ENABLE_OBJC_ARC = YES;
				CLANG_ENABLE_OBJC_WEAK = YES;
				CLANG_WARN_BLOCK_CAPTURE_AUTORELEASING = YES;
				CLANG_WARN_BOOL_CONVERSION = YES;
				CLANG_WARN_COMMA = YES;
				CLANG_WARN_CONSTANT_CONVERSION = YES;
				CLANG_WARN_DEPRECATED_OBJC_IMPLEMENTATIONS = YES;
				CLANG_WARN_DIRECT_OBJC_ISA_USAGE = YES_ERROR;
				CLANG_WARN_DOCUMENTATION_COMMENTS = YES;
				CLANG_WARN_EMPTY_BODY = YES;
				CLANG_WARN_ENUM_CONVERSION = YES;
				CLANG_WARN_INFINITE_RECURSION = YES;
				CLANG_WARN_INT_CONVERSION = YES;
				CLANG_WARN_NON_LITERAL_NULL_CONVERSION = YES;
				CLANG_WARN_OBJC_IMPLICIT_RETAIN_SELF = YES;
				CLANG_WARN_OBJC_LITERAL_CONVERSION = YES;
				CLANG_WARN_OBJC_ROOT_CLASS = YES_ERROR;
				CLANG_WARN_RANGE_LOOP_ANALYSIS = YES;
				CLANG_WARN_STRICT_PROTOTYPES = YES;
				CLANG_WARN_SUSPICIOUS_MOVE = YES;
				CLANG_WARN_UNGUARDED_AVAILABILITY = YES_AGGRESSIVE;
				CLANG_WARN_UNREACHABLE_CODE = YES;
				CLANG_WARN__DUPLICATE_METHOD_MATCH = YES;
				CODE_SIGN_IDENTITY = "iPhone Developer";
				COPY_PHASE_STRIP = NO;
				DEBUG_INFORMATION_FORMAT = "dwarf-with-dsym";
				ENABLE_NS_ASSERTIONS = NO;
				ENABLE_STRICT_OBJC_MSGSEND = YES;
				GCC_C_LANGUAGE_STANDARD = gnu11;
				GCC_NO_COMMON_BLOCKS = YES;
				GCC_WARN_64_TO_32_BIT_CONVERSION = YES;
				GCC_WARN_ABOUT_RETURN_TYPE = YES_ERROR;
				GCC_WARN_UNDECLARED_SELECTOR = YES;
				GCC_WARN_UNINITIALIZED_AUTOS = YES_AGGRESSIVE;
				GCC_WARN_UNUSED_FUNCTION = YES;
				GCC_WARN_UNUSED_VARIABLE = YES;
				IPHONEOS_DEPLOYMENT_TARGET = 12.4;
				MTL_ENABLE_DEBUG_INFO = NO;
				MTL_FAST_MATH = YES;
				SDKROOT = iphoneos;
				SWIFT_COMPILATION_MODE = wholemodule;
				SWIFT_OPTIMIZATION_LEVEL = "-O";
				VALIDATE_PRODUCT = YES;
			};
			name = Release;
		};
		3D903B692796243E0020A7F2 /* Debug */ = {
			isa = XCBuildConfiguration;
			buildSettings = {
				ASSETCATALOG_COMPILER_APPICON_NAME = AppIcon;
				CODE_SIGN_STYLE = Automatic;
				INFOPLIST_FILE = Diagnostico/Info.plist;
				LD_RUNPATH_SEARCH_PATHS = (
					"$(inherited)",
					"@executable_path/Frameworks",
				);
				PRODUCT_BUNDLE_IDENTIFIER = edu.ulsa.Diagnostico;
				PRODUCT_NAME = "$(TARGET_NAME)";
				SWIFT_VERSION = 5.0;
				TARGETED_DEVICE_FAMILY = "1,2";
			};
			name = Debug;
		};
		3D903B6A2796243E0020A7F2 /* Release */ = {
			isa = XCBuildConfiguration;
			buildSettings = {
				ASSETCATALOG_COMPILER_APPICON_NAME = AppIcon;
				CODE_SIGN_STYLE = Automatic;
				INFOPLIST_FILE = Diagnostico/Info.plist;
				LD_RUNPATH_SEARCH_PATHS = (
					"$(inherited)",
					"@executable_path/Frameworks",
				);
				PRODUCT_BUNDLE_IDENTIFIER = edu.ulsa.Diagnostico;
				PRODUCT_NAME = "$(TARGET_NAME)";
				SWIFT_VERSION = 5.0;
				TARGETED_DEVICE_FAMILY = "1,2";
			};
			name = Release;
		};
/* End XCBuildConfiguration section */

/* Begin XCConfigurationList section */
		3D903B512796243B0020A7F2 /* Build configuration list for PBXProject "Diagnostico" */ = {
			isa = XCConfigurationList;
			buildConfigurations = (
				3D903B662796243E0020A7F2 /* Debug */,
				3D903B672796243E0020A7F2 /* Release */,
			);
			defaultConfigurationIsVisible = 0;
			defaultConfigurationName = Release;
		};
		3D903B682796243E0020A7F2 /* Build configuration list for PBXNativeTarget "Diagnostico" */ = {
			isa = XCConfigurationList;
			buildConfigurations = (
				3D903B692796243E0020A7F2 /* Debug */,
				3D903B6A2796243E0020A7F2 /* Release */,
			);
			defaultConfigurationIsVisible = 0;
			defaultConfigurationName = Release;
		};
/* End XCConfigurationList section */
	};
	rootObject = 3D903B4E2796243B0020A7F2 /* Project object */;
}
